
Microsoft Visual Studio Solution File, Format Version 12.00
# Visual Studio Version 17
VisualStudioVersion = 17.5.33502.453
MinimumVisualStudioVersion = 10.0.40219.1
Project("{FAE04EC0-301F-11D3-BF4B-00C04F79EFBC}") = "Clase 8 - Actividad 1", "Clase 8 - Actividad 1\Clase 8 - Actividad 1.csproj", "{DBE6FDAE-6434-4034-851B-1A148C2E1590}"
EndProject
Global
	GlobalSection(SolutionConfigurationPlatforms) = preSolution
		Debug|Any CPU = Debug|Any CPU
		Release|Any CPU = Release|Any CPU
	EndGlobalSection
	GlobalSection(ProjectConfigurationPlatforms) = postSolution
		{DBE6FDAE-6434-4034-851B-1A148C2E1590}.Debug|Any CPU.ActiveCfg = Debug|Any CPU
		{DBE6FDAE-6434-4034-851B-1A148C2E1590}.Debug|Any CPU.Build.0 = Debug|Any CPU
		{DBE6FDAE-6434-4034-851B-1A148C2E1590}.Release|Any CPU.ActiveCfg = Release|Any CPU
		{DBE6FDAE-6434-4034-851B-1A148C2E1590}.Release|Any CPU.Build.0 = Release|Any CPU
	EndGlobalSection
	GlobalSection(SolutionProperties) = preSolution
		HideSolutionNode = FALSE
	EndGlobalSection
	GlobalSection(ExtensibilityGlobals) = postSolution
		SolutionGuid = {3D24814A-3BD3-49B4-B693-F8E2FDBBDDE2}
	EndGlobalSection
EndGlobal
